
Microsoft Visual Studio Solution File, Format Version 12.00
# Visual Studio Version 17
VisualStudioVersion = 17.1.32210.238
MinimumVisualStudioVersion = 10.0.40219.1
Project("{FAE04EC0-301F-11D3-BF4B-00C04F79EFBC}") = "V_secretary_bot", "V_secretary_bot.csproj", "{6124A45C-2724-477E-8E5E-55F7B5A8059B}"
EndProject
Global
	GlobalSection(SolutionConfigurationPlatforms) = preSolution
		Debug|Any CPU = Debug|Any CPU
		Release|Any CPU = Release|Any CPU
	EndGlobalSection
	GlobalSection(ProjectConfigurationPlatforms) = postSolution
		{6124A45C-2724-477E-8E5E-55F7B5A8059B}.Debug|Any CPU.ActiveCfg = Debug|Any CPU
		{6124A45C-2724-477E-8E5E-55F7B5A8059B}.Debug|Any CPU.Build.0 = Debug|Any CPU
		{6124A45C-2724-477E-8E5E-55F7B5A8059B}.Release|Any CPU.ActiveCfg = Release|Any CPU
		{6124A45C-2724-477E-8E5E-55F7B5A8059B}.Release|Any CPU.Build.0 = Release|Any CPU
	EndGlobalSection
	GlobalSection(SolutionProperties) = preSolution
		HideSolutionNode = FALSE
	EndGlobalSection
	GlobalSection(ExtensibilityGlobals) = postSolution
		SolutionGuid = {B0D7FDC9-DB56-40FC-A247-13D2349BA43C}
	EndGlobalSection
EndGlobal
